
Microsoft Visual Studio Solution File, Format Version 12.00
# Visual Studio Version 16
VisualStudioVersion = 16.0.31112.23
MinimumVisualStudioVersion = 10.0.40219.1
Project("{8BC9CEB8-8B4A-11D0-8D11-00A0C91BC942}") = "Engine", "Base\Base.vcxproj", "{43078F13-347A-4C70-8F4A-CE54CEA8B41E}"
EndProject
Project("{8BC9CEB8-8B4A-11D0-8D11-00A0C91BC942}") = "BaseGame", "BaseGame\BaseGame.vcxproj", "{11A1A418-1D34-4F4F-936E-9DDE15182D20}"
	ProjectSection(ProjectDependencies) = postProject
		{43078F13-347A-4C70-8F4A-CE54CEA8B41E} = {43078F13-347A-4C70-8F4A-CE54CEA8B41E}
	EndProjectSection
EndProject
Project("{8BC9CEB8-8B4A-11D0-8D11-00A0C91BC942}") = "PiriquitoAbano", "PiriquitoAbano\PiriquitoAbano.vcxproj", "{3EDFC4D2-8E4A-44A9-9D67-4E048C3F2C4F}"
	ProjectSection(ProjectDependencies) = postProject
		{43078F13-347A-4C70-8F4A-CE54CEA8B41E} = {43078F13-347A-4C70-8F4A-CE54CEA8B41E}
	EndProjectSection
EndProject
Global
	GlobalSection(SolutionConfigurationPlatforms) = preSolution
		Debug|x64 = Debug|x64
		Debug|x86 = Debug|x86
		Release|x64 = Release|x64
		Release|x86 = Release|x86
	EndGlobalSection
	GlobalSection(ProjectConfigurationPlatforms) = postSolution
		{43078F13-347A-4C70-8F4A-CE54CEA8B41E}.Debug|x64.ActiveCfg = Debug|x64
		{43078F13-347A-4C70-8F4A-CE54CEA8B41E}.Debug|x64.Build.0 = Debug|x64
		{43078F13-347A-4C70-8F4A-CE54CEA8B41E}.Debug|x86.ActiveCfg = Debug|Win32
		{43078F13-347A-4C70-8F4A-CE54CEA8B41E}.Debug|x86.Build.0 = Debug|Win32
		{43078F13-347A-4C70-8F4A-CE54CEA8B41E}.Release|x64.ActiveCfg = Release|x64
		{43078F13-347A-4C70-8F4A-CE54CEA8B41E}.Release|x64.Build.0 = Release|x64
		{43078F13-347A-4C70-8F4A-CE54CEA8B41E}.Release|x86.ActiveCfg = Release|Win32
		{43078F13-347A-4C70-8F4A-CE54CEA8B41E}.Release|x86.Build.0 = Release|Win32
		{11A1A418-1D34-4F4F-936E-9DDE15182D20}.Debug|x64.ActiveCfg = Debug|x64
		{11A1A418-1D34-4F4F-936E-9DDE15182D20}.Debug|x64.Build.0 = Debug|x64
		{11A1A418-1D34-4F4F-936E-9DDE15182D20}.Debug|x86.ActiveCfg = Debug|Win32
		{11A1A418-1D34-4F4F-936E-9DDE15182D20}.Debug|x86.Build.0 = Debug|Win32
		{11A1A418-1D34-4F4F-936E-9DDE15182D20}.Release|x64.ActiveCfg = Release|x64
		{11A1A418-1D34-4F4F-936E-9DDE15182D20}.Release|x64.Build.0 = Release|x64
		{11A1A418-1D34-4F4F-936E-9DDE15182D20}.Release|x86.ActiveCfg = Release|Win32
		{11A1A418-1D34-4F4F-936E-9DDE15182D20}.Release|x86.Build.0 = Release|Win32
		{3EDFC4D2-8E4A-44A9-9D67-4E048C3F2C4F}.Debug|x64.ActiveCfg = Debug|x64
		{3EDFC4D2-8E4A-44A9-9D67-4E048C3F2C4F}.Debug|x64.Build.0 = Debug|x64
		{3EDFC4D2-8E4A-44A9-9D67-4E048C3F2C4F}.Debug|x86.ActiveCfg = Debug|Win32
		{3EDFC4D2-8E4A-44A9-9D67-4E048C3F2C4F}.Debug|x86.Build.0 = Debug|Win32
		{3EDFC4D2-8E4A-44A9-9D67-4E048C3F2C4F}.Release|x64.ActiveCfg = Release|x64
		{3EDFC4D2-8E4A-44A9-9D67-4E048C3F2C4F}.Release|x64.Build.0 = Release|x64
		{3EDFC4D2-8E4A-44A9-9D67-4E048C3F2C4F}.Release|x86.ActiveCfg = Release|Win32
		{3EDFC4D2-8E4A-44A9-9D67-4E048C3F2C4F}.Release|x86.Build.0 = Release|Win32
	EndGlobalSection
	GlobalSection(SolutionProperties) = preSolution
		HideSolutionNode = FALSE
	EndGlobalSection
	GlobalSection(ExtensibilityGlobals) = postSolution
		SolutionGuid = {2D7C727A-2CF6-49E6-9AA9-A78447FD1D5F}
	EndGlobalSection
EndGlobal
