<?xml version="1.0" encoding="utf-8"?>
<Project ToolsVersion="4.0" xmlns="http://schemas.microsoft.com/developer/msbuild/2003">
  <ItemGroup>
    <Filter Include="Source Files">
      <UniqueIdentifier>{4FC737F1-C7A5-4376-A066-2A32D752A2FF}</UniqueIdentifier>
      <Extensions>cpp;c;cc;cxx;c++;cppm;ixx;def;odl;idl;hpj;bat;asm;asmx</Extensions>
    </Filter>
    <Filter Include="Header Files">
      <UniqueIdentifier>{93995380-89BD-4b04-88EB-625FBE52EBFB}</UniqueIdentifier>
      <Extensions>h;hh;hpp;hxx;h++;hm;inl;inc;ipp;xsd</Extensions>
    </Filter>
    <Filter Include="Resource Files">
      <UniqueIdentifier>{67DA6AB6-F800-4c08-8B7A-83BB121AAD01}</UniqueIdentifier>
      <Extensions>rc;ico;cur;bmp;dlg;rc2;rct;bin;rgs;gif;jpg;jpeg;jpe;resx;tiff;tif;png;wav;mfcribbon-ms</Extensions>
    </Filter>
  </ItemGroup>
  <ItemGroup>
    <None Include="shaders\fs.shader" />
    <None Include="shaders\vs.shader" />
  </ItemGroup>
  <ItemGroup>
    <ClCompile Include="src\main.cpp">
      <Filter>Source Files</Filter>
    </ClCompile>
    <ClCompile Include="src\Window.cpp">
      <Filter>Source Files</Filter>
    </ClCompile>
    <ClCompile Include="src\render\render2D.cpp">
      <Filter>Source Files</Filter>
    </ClCompile>
    <ClCompile Include="src\render\gl\Shader.cpp">
      <Filter>Source Files</Filter>
    </ClCompile>
    <ClCompile Include="src\input\Keyboard.cpp">
      <Filter>Source Files</Filter>
    </ClCompile>
    <ClCompile Include="src\input\Mouse.cpp">
      <Filter>Source Files</Filter>
    </ClCompile>
    <ClCompile Include="src\utils\Files.cpp">
      <Filter>Source Files</Filter>
    </ClCompile>
    <ClCompile Include="src\render\SubTexture.cpp">
      <Filter>Source Files</Filter>
    </ClCompile>
    <ClCompile Include="src\camera\OrthographicCamera.cpp">
      <Filter>Source Files</Filter>
    </ClCompile>
    <ClCompile Include="src\camera\OrthographicCameraController.cpp">
      <Filter>Source Files</Filter>
    </ClCompile>
    <ClCompile Include="src\render\ParticleSystem.cpp">
      <Filter>Source Files</Filter>
    </ClCompile>
    <ClCompile Include="src\utils\RandomList.cpp">
      <Filter>Source Files</Filter>
    </ClCompile>
    <ClCompile Include="src\args\RenderArgs.h">
      <Filter>Source Files</Filter>
    </ClCompile>
    <ClCompile Include="src\amb\Ambient.cpp">
      <Filter>Source Files</Filter>
    </ClCompile>
    <ClCompile Include="src\ent\Animator.cpp">
      <Filter>Source Files</Filter>
    </ClCompile>
    <ClCompile Include="src\audio\SoundBuffer.cpp">
      <Filter>Source Files</Filter>
    </ClCompile>
    <ClCompile Include="src\audio\AudioDevice.cpp">
      <Filter>Source Files</Filter>
    </ClCompile>
    <ClCompile Include="src\audio\AudioSource.cpp">
      <Filter>Source Files</Filter>
    </ClCompile>
    <ClCompile Include="src\utils\Generic.cpp">
      <Filter>Source Files</Filter>
    </ClCompile>
    <ClCompile Include="src\render\geo_renders\LineRender.cpp">
      <Filter>Source Files</Filter>
    </ClCompile>
    <ClCompile Include="src\render\geo_renders\CircleRender.cpp">
      <Filter>Source Files</Filter>
    </ClCompile>
    <ClCompile Include="vendor\definer_Stb.cpp">
      <Filter>Source Files</Filter>
    </ClCompile>
    <ClCompile Include="src\render\Text.cpp">
      <Filter>Source Files</Filter>
    </ClCompile>
    <ClCompile Include="src\render\geo_renders\TriRender.cpp">
      <Filter>Source Files</Filter>
    </ClCompile>
    <ClCompile Include="src\Log.cpp">
      <Filter>Source Files</Filter>
    </ClCompile>
    <ClCompile Include="src\scene\Scene.cpp">
      <Filter>Source Files</Filter>
    </ClCompile>
    <ClCompile Include="src\scene\Entity.cpp">
      <Filter>Source Files</Filter>
    </ClCompile>
    <ClCompile Include="src\render\geo_renders\QuadRender.cpp">
      <Filter>Source Files</Filter>
    </ClCompile>
    <ClCompile Include="src\render\gl\VertexBuffer.cpp">
      <Filter>Source Files</Filter>
    </ClCompile>
    <ClCompile Include="src\render\gl\VertexArray.cpp">
      <Filter>Source Files</Filter>
    </ClCompile>
    <ClCompile Include="src\render\gl\IndexBuffer.cpp">
      <Filter>Source Files</Filter>
    </ClCompile>
    <ClCompile Include="src\render\gl\VertexAttribute.cpp">
      <Filter>Source Files</Filter>
    </ClCompile>
    <ClCompile Include="src\render\geo_renders\RenderTemplate.cpp">
      <Filter>Source Files</Filter>
    </ClCompile>
    <ClCompile Include="src\render\gl\GL_Commands.cpp">
      <Filter>Source Files</Filter>
    </ClCompile>
    <ClCompile Include="src\render\gl\GL_Types.cpp">
      <Filter>Source Files</Filter>
    </ClCompile>
    <ClCompile Include="src\scene\SceneCamera.cpp">
      <Filter>Source Files</Filter>
    </ClCompile>
    <ClCompile Include="src\render\gl\Texture.cpp">
      <Filter>Source Files</Filter>
    </ClCompile>
  </ItemGroup>
  <ItemGroup>
    <ClInclude Include="src\Window.h">
      <Filter>Header Files</Filter>
    </ClInclude>
    <ClInclude Include="src\render\render2D.h">
      <Filter>Header Files</Filter>
    </ClInclude>
    <ClInclude Include="src\render\gl\Shader.h">
      <Filter>Header Files</Filter>
    </ClInclude>
    <ClInclude Include="src\args\VirtualArgs.h">
      <Filter>Header Files</Filter>
    </ClInclude>
    <ClInclude Include="src\input\Keyboard.h">
      <Filter>Header Files</Filter>
    </ClInclude>
    <ClInclude Include="src\input\Mouse.h">
      <Filter>Header Files</Filter>
    </ClInclude>
    <ClInclude Include="src\utils\threading.h">
      <Filter>Header Files</Filter>
    </ClInclude>
    <ClInclude Include="src\colision\Colisions.h">
      <Filter>Header Files</Filter>
    </ClInclude>
    <ClInclude Include="src\utils\Files.h">
      <Filter>Header Files</Filter>
    </ClInclude>
    <ClInclude Include="src\render\SubTexture.h">
      <Filter>Header Files</Filter>
    </ClInclude>
    <ClInclude Include="src\camera\OrthographicCamera.h">
      <Filter>Header Files</Filter>
    </ClInclude>
    <ClInclude Include="src\camera\OrthographicCameraController.h">
      <Filter>Header Files</Filter>
    </ClInclude>
    <ClInclude Include="src\render\ParticleSystem.h">
      <Filter>Header Files</Filter>
    </ClInclude>
    <ClInclude Include="src\utils\RandomList.h">
      <Filter>Header Files</Filter>
    </ClInclude>
    <ClInclude Include="src\args\UpdateArgs.h">
      <Filter>Header Files</Filter>
    </ClInclude>
    <ClInclude Include="src\args\ResizeArgs.h">
      <Filter>Header Files</Filter>
    </ClInclude>
    <ClInclude Include="src\args\MouseArgs.h">
      <Filter>Header Files</Filter>
    </ClInclude>
    <ClInclude Include="src\args\KeyboardArgs.h">
      <Filter>Header Files</Filter>
    </ClInclude>
    <ClInclude Include="src\amb\Ambient.h">
      <Filter>Header Files</Filter>
    </ClInclude>
    <ClInclude Include="src\args\AttachArgs.h">
      <Filter>Header Files</Filter>
    </ClInclude>
    <ClInclude Include="src\args\ImGuiArgs.h">
      <Filter>Header Files</Filter>
    </ClInclude>
    <ClInclude Include="src\ent\Animator.h">
      <Filter>Header Files</Filter>
    </ClInclude>
    <ClInclude Include="src\audio\SoundBuffer.h">
      <Filter>Header Files</Filter>
    </ClInclude>
    <ClInclude Include="src\audio\AudioDevice.h">
      <Filter>Header Files</Filter>
    </ClInclude>
    <ClInclude Include="src\audio\AudioSource.h">
      <Filter>Header Files</Filter>
    </ClInclude>
    <ClInclude Include="src\audio\Al_Error.h">
      <Filter>Header Files</Filter>
    </ClInclude>
    <ClInclude Include="src\utils\Generic.h">
      <Filter>Header Files</Filter>
    </ClInclude>
    <ClInclude Include="src\utils\NameCaps.h">
      <Filter>Header Files</Filter>
    </ClInclude>
    <ClInclude Include="src\utils\base_exceptions.h">
      <Filter>Header Files</Filter>
    </ClInclude>
    <ClInclude Include="src\render\geo_renders\LineRender.h">
      <Filter>Header Files</Filter>
    </ClInclude>
    <ClInclude Include="src\render\geo_renders\RenderTemplate.h">
      <Filter>Header Files</Filter>
    </ClInclude>
    <ClInclude Include="src\render\geo_renders\CircleRender.h">
      <Filter>Header Files</Filter>
    </ClInclude>
    <ClInclude Include="src\render\geo_renders\RenderDatas.h">
      <Filter>Header Files</Filter>
    </ClInclude>
    <ClInclude Include="src\render\Text.h">
      <Filter>Header Files</Filter>
    </ClInclude>
    <ClInclude Include="src\render\geo_renders\TriRender.h">
      <Filter>Header Files</Filter>
    </ClInclude>
    <ClInclude Include="src\utils\gl_error_macro_db.h">
      <Filter>Header Files</Filter>
    </ClInclude>
    <ClInclude Include="src\no_console_release.h">
      <Filter>Header Files</Filter>
    </ClInclude>
    <ClInclude Include="src\Log.h">
      <Filter>Header Files</Filter>
    </ClInclude>
    <ClInclude Include="src\utils\al_error_marcro_db.h">
      <Filter>Header Files</Filter>
    </ClInclude>
    <ClInclude Include="src\utils\alc_error_macro_db.h">
      <Filter>Header Files</Filter>
    </ClInclude>
    <ClInclude Include="src\utils\base_assert.h">
      <Filter>Header Files</Filter>
    </ClInclude>
    <ClInclude Include="src\scene\Scene.h">
      <Filter>Header Files</Filter>
    </ClInclude>
    <ClInclude Include="src\scene\Components.h">
      <Filter>Header Files</Filter>
    </ClInclude>
    <ClInclude Include="src\ResourceManager.h">
      <Filter>Header Files</Filter>
    </ClInclude>
    <ClInclude Include="src\render\Colors.h">
      <Filter>Header Files</Filter>
    </ClInclude>
    <ClInclude Include="src\scene\Entity.h">
      <Filter>Header Files</Filter>
    </ClInclude>
    <ClInclude Include="src\render\Camera.h">
      <Filter>Header Files</Filter>
    </ClInclude>
    <ClInclude Include="src\input\MouseKeys.h">
      <Filter>Header Files</Filter>
    </ClInclude>
    <ClInclude Include="src\input\KeyboardKeys.h">
      <Filter>Header Files</Filter>
    </ClInclude>
    <ClInclude Include="src\render\geo_renders\QuadRender.h">
      <Filter>Header Files</Filter>
    </ClInclude>
    <ClInclude Include="src\scene\ScriptableEntity.h">
      <Filter>Header Files</Filter>
    </ClInclude>
    <ClInclude Include="src\render\gl\VertexBuffer.h">
      <Filter>Header Files</Filter>
    </ClInclude>
    <ClInclude Include="src\render\gl\VertexArray.h">
      <Filter>Header Files</Filter>
    </ClInclude>
    <ClInclude Include="src\render\gl\IndexBuffer.h">
      <Filter>Header Files</Filter>
    </ClInclude>
    <ClInclude Include="src\render\gl\VertexAttribute.h">
      <Filter>Header Files</Filter>
    </ClInclude>
    <ClInclude Include="src\Base\Base.h">
      <Filter>Header Files</Filter>
    </ClInclude>
    <ClInclude Include="src\render\gl\Gl_Commands.h">
      <Filter>Header Files</Filter>
    </ClInclude>
    <ClInclude Include="src\render\gl\GL_Types.h">
      <Filter>Header Files</Filter>
    </ClInclude>
    <ClInclude Include="src\utils\Timer.h">
      <Filter>Header Files</Filter>
    </ClInclude>
    <ClInclude Include="src\utils\Instrumentor.h">
      <Filter>Header Files</Filter>
    </ClInclude>
    <ClInclude Include="src\scene\SceneCamera.h">
      <Filter>Header Files</Filter>
    </ClInclude>
    <ClInclude Include="src\render\gl\Texture.h">
      <Filter>Header Files</Filter>
    </ClInclude>
    <ClInclude Include="src\scene\CameraScript.h">
      <Filter>Header Files</Filter>
    </ClInclude>
  </ItemGroup>
</Project>