<?xml version="1.0" encoding="utf-8"?>
<Project ToolsVersion="4.0" xmlns="http://schemas.microsoft.com/developer/msbuild/2003">
  <ItemGroup>
    <Filter Include="src">
      <UniqueIdentifier>{2DAB880B-99B4-887C-2230-9F7C8E38947C}</UniqueIdentifier>
    </Filter>
    <Filter Include="src\Base">
      <UniqueIdentifier>{D70B1CCF-C3D8-76DA-ECF1-6482D81DAC68}</UniqueIdentifier>
    </Filter>
    <Filter Include="src\amb">
      <UniqueIdentifier>{8CEA2FA9-F8C9-AE44-01E2-391B6D4015A6}</UniqueIdentifier>
    </Filter>
    <Filter Include="src\application">
      <UniqueIdentifier>{90BAE972-FC45-5737-0557-DA2B7161B337}</UniqueIdentifier>
    </Filter>
    <Filter Include="src\args">
      <UniqueIdentifier>{69522DCF-551F-88DA-7E38-76826A64BD68}</UniqueIdentifier>
    </Filter>
    <Filter Include="src\camera">
      <UniqueIdentifier>{255F4553-1117-87A0-7A1E-60FC66F52191}</UniqueIdentifier>
    </Filter>
    <Filter Include="src\colision">
      <UniqueIdentifier>{7C05BD6D-6868-4C12-11EE-84C8FD2F1895}</UniqueIdentifier>
    </Filter>
    <Filter Include="src\ent">
      <UniqueIdentifier>{C3FB2FA9-2FDB-AE44-38F3-391BA45115A6}</UniqueIdentifier>
    </Filter>
    <Filter Include="src\event">
      <UniqueIdentifier>{5E2A22B5-CA94-D62B-13D3-87D17F7CB480}</UniqueIdentifier>
    </Filter>
    <Filter Include="src\input">
      <UniqueIdentifier>{0C5966B5-78C3-1A2C-C101-CCD12DABF880}</UniqueIdentifier>
    </Filter>
    <Filter Include="src\render">
      <UniqueIdentifier>{1CA98B76-0861-CDC3-7168-A61F5D3F68B4}</UniqueIdentifier>
    </Filter>
    <Filter Include="src\render\gl">
      <UniqueIdentifier>{3E39674B-AAF9-E281-7334-2CFFDFB3275E}</UniqueIdentifier>
    </Filter>
    <Filter Include="src\scene">
      <UniqueIdentifier>{2A1615B6-9680-C92C-DFBE-7AD24B68A781}</UniqueIdentifier>
    </Filter>
    <Filter Include="src\utils">
      <UniqueIdentifier>{6DAA42B6-D914-F72C-2253-A8D28EFCD481}</UniqueIdentifier>
    </Filter>
    <Filter Include="src\uuid">
      <UniqueIdentifier>{F35638CF-DF23-93DA-083D-8182F468C868}</UniqueIdentifier>
    </Filter>
    <Filter Include="src\window">
      <UniqueIdentifier>{94D77D82-808F-BFCF-E996-982BD56D5AC0}</UniqueIdentifier>
    </Filter>
    <Filter Include="vendor">
      <UniqueIdentifier>{B3738122-9F15-ACF8-88D0-BF4C74113349}</UniqueIdentifier>
    </Filter>
    <Filter Include="vendor\ImGuizmo">
      <UniqueIdentifier>{73BF7F4C-DF4A-ED10-E85B-700554664911}</UniqueIdentifier>
    </Filter>
    <Filter Include="vendor\lodepng">
      <UniqueIdentifier>{EBAA2651-D778-1A57-C00C-8B7DAC79F6BB}</UniqueIdentifier>
    </Filter>
    <Filter Include="vendor\stb_image">
      <UniqueIdentifier>{0DA0BA59-F998-D9AB-22CB-BE300E23B9B7}</UniqueIdentifier>
    </Filter>
  </ItemGroup>
  <ItemGroup>
    <ClInclude Include="src\Base.h">
      <Filter>src</Filter>
    </ClInclude>
    <ClInclude Include="src\Base\Base.h">
      <Filter>src\Base</Filter>
    </ClInclude>
    <ClInclude Include="src\Log.h">
      <Filter>src</Filter>
    </ClInclude>
    <ClInclude Include="src\ResourceManager.h">
      <Filter>src</Filter>
    </ClInclude>
    <ClInclude Include="src\amb\Ambient.h">
      <Filter>src\amb</Filter>
    </ClInclude>
    <ClInclude Include="src\application\Application.h">
      <Filter>src\application</Filter>
    </ClInclude>
    <ClInclude Include="src\application\Entry.h">
      <Filter>src\application</Filter>
    </ClInclude>
    <ClInclude Include="src\application\ImGuiLayer.h">
      <Filter>src\application</Filter>
    </ClInclude>
    <ClInclude Include="src\application\Layer.h">
      <Filter>src\application</Filter>
    </ClInclude>
    <ClInclude Include="src\application\LayerStack.h">
      <Filter>src\application</Filter>
    </ClInclude>
    <ClInclude Include="src\args\AttachArgs.h">
      <Filter>src\args</Filter>
    </ClInclude>
    <ClInclude Include="src\args\ImGuiArgs.h">
      <Filter>src\args</Filter>
    </ClInclude>
    <ClInclude Include="src\args\KeyboardArgs.h">
      <Filter>src\args</Filter>
    </ClInclude>
    <ClInclude Include="src\args\MouseArgs.h">
      <Filter>src\args</Filter>
    </ClInclude>
    <ClInclude Include="src\args\RenderArgs.h">
      <Filter>src\args</Filter>
    </ClInclude>
    <ClInclude Include="src\args\ResizeArgs.h">
      <Filter>src\args</Filter>
    </ClInclude>
    <ClInclude Include="src\args\UpdateArgs.h">
      <Filter>src\args</Filter>
    </ClInclude>
    <ClInclude Include="src\args\VirtualArgs.h">
      <Filter>src\args</Filter>
    </ClInclude>
    <ClInclude Include="src\camera\OrthographicCamera.h">
      <Filter>src\camera</Filter>
    </ClInclude>
    <ClInclude Include="src\camera\OrthographicCameraController.h">
      <Filter>src\camera</Filter>
    </ClInclude>
    <ClInclude Include="src\colision\Colisions.h">
      <Filter>src\colision</Filter>
    </ClInclude>
    <ClInclude Include="src\ent\Animator.h">
      <Filter>src\ent</Filter>
    </ClInclude>
    <ClInclude Include="src\event\ApplicationEvent.h">
      <Filter>src\event</Filter>
    </ClInclude>
    <ClInclude Include="src\event\Events.h">
      <Filter>src\event</Filter>
    </ClInclude>
    <ClInclude Include="src\event\KeyEvent.h">
      <Filter>src\event</Filter>
    </ClInclude>
    <ClInclude Include="src\event\MouseEvent.h">
      <Filter>src\event</Filter>
    </ClInclude>
    <ClInclude Include="src\input\Keyboard.h">
      <Filter>src\input</Filter>
    </ClInclude>
    <ClInclude Include="src\input\KeyboardKeys.h">
      <Filter>src\input</Filter>
    </ClInclude>
    <ClInclude Include="src\input\Mouse.h">
      <Filter>src\input</Filter>
    </ClInclude>
    <ClInclude Include="src\input\MouseKeys.h">
      <Filter>src\input</Filter>
    </ClInclude>
    <ClInclude Include="src\no_console_release.h">
      <Filter>src</Filter>
    </ClInclude>
    <ClInclude Include="src\render\Camera.h">
      <Filter>src\render</Filter>
    </ClInclude>
    <ClInclude Include="src\render\Colors.h">
      <Filter>src\render</Filter>
    </ClInclude>
    <ClInclude Include="src\render\ParticleSystem.h">
      <Filter>src\render</Filter>
    </ClInclude>
    <ClInclude Include="src\render\SubTexture.h">
      <Filter>src\render</Filter>
    </ClInclude>
    <ClInclude Include="src\render\Text.h">
      <Filter>src\render</Filter>
    </ClInclude>
    <ClInclude Include="src\render\gl\Framebuffer.h">
      <Filter>src\render\gl</Filter>
    </ClInclude>
    <ClInclude Include="src\render\gl\FramebufferRender.h">
      <Filter>src\render\gl</Filter>
    </ClInclude>
    <ClInclude Include="src\render\gl\FramebufferSpecifications.h">
      <Filter>src\render\gl</Filter>
    </ClInclude>
    <ClInclude Include="src\render\gl\GLContext.h">
      <Filter>src\render\gl</Filter>
    </ClInclude>
    <ClInclude Include="src\render\gl\GL_Types.h">
      <Filter>src\render\gl</Filter>
    </ClInclude>
    <ClInclude Include="src\render\gl\Gl_Commands.h">
      <Filter>src\render\gl</Filter>
    </ClInclude>
    <ClInclude Include="src\render\gl\IndexBuffer.h">
      <Filter>src\render\gl</Filter>
    </ClInclude>
    <ClInclude Include="src\render\gl\Shader.h">
      <Filter>src\render\gl</Filter>
    </ClInclude>
    <ClInclude Include="src\render\gl\Texture.h">
      <Filter>src\render\gl</Filter>
    </ClInclude>
    <ClInclude Include="src\render\gl\TextureSpecifications.h">
      <Filter>src\render\gl</Filter>
    </ClInclude>
    <ClInclude Include="src\render\gl\VertexArray.h">
      <Filter>src\render\gl</Filter>
    </ClInclude>
    <ClInclude Include="src\render\gl\VertexAttribute.h">
      <Filter>src\render\gl</Filter>
    </ClInclude>
    <ClInclude Include="src\render\gl\VertexBuffer.h">
      <Filter>src\render\gl</Filter>
    </ClInclude>
    <ClInclude Include="src\render\gl\base_gl.h">
      <Filter>src\render\gl</Filter>
    </ClInclude>
    <ClInclude Include="src\render\render2D.h">
      <Filter>src\render</Filter>
    </ClInclude>
    <ClInclude Include="src\scene\CameraScript.h">
      <Filter>src\scene</Filter>
    </ClInclude>
    <ClInclude Include="src\scene\Components.h">
      <Filter>src\scene</Filter>
    </ClInclude>
    <ClInclude Include="src\scene\EditorCamera.h">
      <Filter>src\scene</Filter>
    </ClInclude>
    <ClInclude Include="src\scene\Entity.h">
      <Filter>src\scene</Filter>
    </ClInclude>
    <ClInclude Include="src\scene\Scene.h">
      <Filter>src\scene</Filter>
    </ClInclude>
    <ClInclude Include="src\scene\SceneCamera.h">
      <Filter>src\scene</Filter>
    </ClInclude>
    <ClInclude Include="src\scene\SceneSerializer.h">
      <Filter>src\scene</Filter>
    </ClInclude>
    <ClInclude Include="src\scene\ScriptableEntity.h">
      <Filter>src\scene</Filter>
    </ClInclude>
    <ClInclude Include="src\utils\Files.h">
      <Filter>src\utils</Filter>
    </ClInclude>
    <ClInclude Include="src\utils\Generic.h">
      <Filter>src\utils</Filter>
    </ClInclude>
    <ClInclude Include="src\utils\Instrumentor.h">
      <Filter>src\utils</Filter>
    </ClInclude>
    <ClInclude Include="src\utils\Load.h">
      <Filter>src\utils</Filter>
    </ClInclude>
    <ClInclude Include="src\utils\NameCaps.h">
      <Filter>src\utils</Filter>
    </ClInclude>
    <ClInclude Include="src\utils\RandomList.h">
      <Filter>src\utils</Filter>
    </ClInclude>
    <ClInclude Include="src\utils\Timer.h">
      <Filter>src\utils</Filter>
    </ClInclude>
    <ClInclude Include="src\utils\al_error_marcro_db.h">
      <Filter>src\utils</Filter>
    </ClInclude>
    <ClInclude Include="src\utils\alc_error_macro_db.h">
      <Filter>src\utils</Filter>
    </ClInclude>
    <ClInclude Include="src\utils\base_assert.h">
      <Filter>src\utils</Filter>
    </ClInclude>
    <ClInclude Include="src\utils\base_exceptions.h">
      <Filter>src\utils</Filter>
    </ClInclude>
    <ClInclude Include="src\utils\gl_error_macro_db.h">
      <Filter>src\utils</Filter>
    </ClInclude>
    <ClInclude Include="src\utils\parse_args.h">
      <Filter>src\utils</Filter>
    </ClInclude>
    <ClInclude Include="src\utils\threading.h">
      <Filter>src\utils</Filter>
    </ClInclude>
    <ClInclude Include="src\utils\yaml_specializations.h">
      <Filter>src\utils</Filter>
    </ClInclude>
    <ClInclude Include="src\uuid\UUID.h">
      <Filter>src\uuid</Filter>
    </ClInclude>
    <ClInclude Include="src\window\Window.h">
      <Filter>src\window</Filter>
    </ClInclude>
    <ClInclude Include="src\window\WindowsWindow.h">
      <Filter>src\window</Filter>
    </ClInclude>
    <ClInclude Include="vendor\ImGuizmo\ImGuizmo.h">
      <Filter>vendor\ImGuizmo</Filter>
    </ClInclude>
    <ClInclude Include="vendor\lodepng\lodepng.h">
      <Filter>vendor\lodepng</Filter>
    </ClInclude>
    <ClInclude Include="vendor\stb_image\stb_image.h">
      <Filter>vendor\stb_image</Filter>
    </ClInclude>
  </ItemGroup>
  <ItemGroup>
    <ClCompile Include="src\Base\Base.cpp">
      <Filter>src\Base</Filter>
    </ClCompile>
    <ClCompile Include="src\Log.cpp">
      <Filter>src</Filter>
    </ClCompile>
    <ClCompile Include="src\amb\Ambient.cpp">
      <Filter>src\amb</Filter>
    </ClCompile>
    <ClCompile Include="src\application\Application.cpp">
      <Filter>src\application</Filter>
    </ClCompile>
    <ClCompile Include="src\application\ImGuiLayer.cpp">
      <Filter>src\application</Filter>
    </ClCompile>
    <ClCompile Include="src\application\Layer.cpp">
      <Filter>src\application</Filter>
    </ClCompile>
    <ClCompile Include="src\application\LayerStack.cpp">
      <Filter>src\application</Filter>
    </ClCompile>
    <ClCompile Include="src\camera\OrthographicCamera.cpp">
      <Filter>src\camera</Filter>
    </ClCompile>
    <ClCompile Include="src\camera\OrthographicCameraController.cpp">
      <Filter>src\camera</Filter>
    </ClCompile>
    <ClCompile Include="src\definer_Stb.cpp">
      <Filter>src</Filter>
    </ClCompile>
    <ClCompile Include="src\ent\Animator.cpp">
      <Filter>src\ent</Filter>
    </ClCompile>
    <ClCompile Include="src\input\Keyboard.cpp">
      <Filter>src\input</Filter>
    </ClCompile>
    <ClCompile Include="src\input\Mouse.cpp">
      <Filter>src\input</Filter>
    </ClCompile>
    <ClCompile Include="src\render\ParticleSystem.cpp">
      <Filter>src\render</Filter>
    </ClCompile>
    <ClCompile Include="src\render\SubTexture.cpp">
      <Filter>src\render</Filter>
    </ClCompile>
    <ClCompile Include="src\render\Text.cpp">
      <Filter>src\render</Filter>
    </ClCompile>
    <ClCompile Include="src\render\gl\Framebuffer.cpp">
      <Filter>src\render\gl</Filter>
    </ClCompile>
    <ClCompile Include="src\render\gl\FramebufferRender.cpp">
      <Filter>src\render\gl</Filter>
    </ClCompile>
    <ClCompile Include="src\render\gl\GLContext.cpp">
      <Filter>src\render\gl</Filter>
    </ClCompile>
    <ClCompile Include="src\render\gl\GL_Commands.cpp">
      <Filter>src\render\gl</Filter>
    </ClCompile>
    <ClCompile Include="src\render\gl\GL_Types.cpp">
      <Filter>src\render\gl</Filter>
    </ClCompile>
    <ClCompile Include="src\render\gl\IndexBuffer.cpp">
      <Filter>src\render\gl</Filter>
    </ClCompile>
    <ClCompile Include="src\render\gl\Shader.cpp">
      <Filter>src\render\gl</Filter>
    </ClCompile>
    <ClCompile Include="src\render\gl\Texture.cpp">
      <Filter>src\render\gl</Filter>
    </ClCompile>
    <ClCompile Include="src\render\gl\TextureSpecifications.cpp">
      <Filter>src\render\gl</Filter>
    </ClCompile>
    <ClCompile Include="src\render\gl\VertexArray.cpp">
      <Filter>src\render\gl</Filter>
    </ClCompile>
    <ClCompile Include="src\render\gl\VertexAttribute.cpp">
      <Filter>src\render\gl</Filter>
    </ClCompile>
    <ClCompile Include="src\render\gl\VertexBuffer.cpp">
      <Filter>src\render\gl</Filter>
    </ClCompile>
    <ClCompile Include="src\render\render2D.cpp">
      <Filter>src\render</Filter>
    </ClCompile>
    <ClCompile Include="src\scene\EditorCamera.cpp">
      <Filter>src\scene</Filter>
    </ClCompile>
    <ClCompile Include="src\scene\Entity.cpp">
      <Filter>src\scene</Filter>
    </ClCompile>
    <ClCompile Include="src\scene\Scene.cpp">
      <Filter>src\scene</Filter>
    </ClCompile>
    <ClCompile Include="src\scene\SceneCamera.cpp">
      <Filter>src\scene</Filter>
    </ClCompile>
    <ClCompile Include="src\scene\SceneSerializer.cpp">
      <Filter>src\scene</Filter>
    </ClCompile>
    <ClCompile Include="src\utils\Files.cpp">
      <Filter>src\utils</Filter>
    </ClCompile>
    <ClCompile Include="src\utils\Generic.cpp">
      <Filter>src\utils</Filter>
    </ClCompile>
    <ClCompile Include="src\utils\RandomList.cpp">
      <Filter>src\utils</Filter>
    </ClCompile>
    <ClCompile Include="src\utils\parse_args.cpp">
      <Filter>src\utils</Filter>
    </ClCompile>
    <ClCompile Include="src\uuid\UUID.cpp">
      <Filter>src\uuid</Filter>
    </ClCompile>
    <ClCompile Include="src\window\Window.cpp">
      <Filter>src\window</Filter>
    </ClCompile>
    <ClCompile Include="src\window\WindowsWindow.cpp">
      <Filter>src\window</Filter>
    </ClCompile>
    <ClCompile Include="vendor\ImGuizmo\ImGuizmo.cpp">
      <Filter>vendor\ImGuizmo</Filter>
    </ClCompile>
    <ClCompile Include="vendor\lodepng\lodepng.cpp">
      <Filter>vendor\lodepng</Filter>
    </ClCompile>
    <ClCompile Include="vendor\stb_image\stb_image.cpp">
      <Filter>vendor\stb_image</Filter>
    </ClCompile>
  </ItemGroup>
</Project>